// !$*UTF8*$!
{
	archiveVersion = 1;
	classes = {
	};
	objectVersion = 56;
	objects = {

/* Begin PBXBuildFile section */
		F0D8A7EA2AC3D975009B607A /* MuniAppApp.swift in Sources */ = {isa = PBXBuildFile; fileRef = F0D8A7E92AC3D975009B607A /* MuniAppApp.swift */; };
		F0D8A7EC2AC3D975009B607A /* ContentView.swift in Sources */ = {isa = PBXBuildFile; fileRef = F0D8A7EB2AC3D975009B607A /* ContentView.swift */; };
		F0D8A7EE2AC3D977009B607A /* Assets.xcassets in Resources */ = {isa = PBXBuildFile; fileRef = F0D8A7ED2AC3D977009B607A /* Assets.xcassets */; };
		F0D8A7F12AC3D977009B607A /* Preview Assets.xcassets in Resources */ = {isa = PBXBuildFile; fileRef = F0D8A7F02AC3D977009B607A /* Preview Assets.xcassets */; };
		F0D8A7F82AC3DBC5009B607A /* Constants.swift in Sources */ = {isa = PBXBuildFile; fileRef = F0D8A7F72AC3DBC5009B607A /* Constants.swift */; };
		F0D8A7FA2AC3DC89009B607A /* MuniService.swift in Sources */ = {isa = PBXBuildFile; fileRef = F0D8A7F92AC3DC89009B607A /* MuniService.swift */; };
		F0D8A7FD2AC3E1A1009B607A /* LineElement.swift in Sources */ = {isa = PBXBuildFile; fileRef = F0D8A7FC2AC3E1A1009B607A /* LineElement.swift */; };
/* End PBXBuildFile section */

/* Begin PBXFileReference section */
		F0D8A7E62AC3D975009B607A /* MuniApp.app */ = {isa = PBXFileReference; explicitFileType = wrapper.application; includeInIndex = 0; path = MuniApp.app; sourceTree = BUILT_PRODUCTS_DIR; };
		F0D8A7E92AC3D975009B607A /* MuniAppApp.swift */ = {isa = PBXFileReference; lastKnownFileType = sourcecode.swift; path = MuniAppApp.swift; sourceTree = "<group>"; };
		F0D8A7EB2AC3D975009B607A /* ContentView.swift */ = {isa = PBXFileReference; lastKnownFileType = sourcecode.swift; path = ContentView.swift; sourceTree = "<group>"; };
		F0D8A7ED2AC3D977009B607A /* Assets.xcassets */ = {isa = PBXFileReference; lastKnownFileType = folder.assetcatalog; path = Assets.xcassets; sourceTree = "<group>"; };
		F0D8A7F02AC3D977009B607A /* Preview Assets.xcassets */ = {isa = PBXFileReference; lastKnownFileType = folder.assetcatalog; path = "Preview Assets.xcassets"; sourceTree = "<group>"; };
		F0D8A7F72AC3DBC5009B607A /* Constants.swift */ = {isa = PBXFileReference; fileEncoding = 4; lastKnownFileType = sourcecode.swift; path = Constants.swift; sourceTree = "<group>"; };
		F0D8A7F92AC3DC89009B607A /* MuniService.swift */ = {isa = PBXFileReference; lastKnownFileType = sourcecode.swift; path = MuniService.swift; sourceTree = "<group>"; };
		F0D8A7FC2AC3E1A1009B607A /* LineElement.swift */ = {isa = PBXFileReference; lastKnownFileType = sourcecode.swift; path = LineElement.swift; sourceTree = "<group>"; };
/* End PBXFileReference section */

/* Begin PBXFrameworksBuildPhase section */
		F0D8A7E32AC3D975009B607A /* Frameworks */ = {
			isa = PBXFrameworksBuildPhase;
			buildActionMask = 2147483647;
			files = (
			);
			runOnlyForDeploymentPostprocessing = 0;
		};
/* End PBXFrameworksBuildPhase section */

/* Begin PBXGroup section */
		F0D8A7DD2AC3D975009B607A = {
			isa = PBXGroup;
			children = (
				F0D8A7E82AC3D975009B607A /* MuniApp */,
				F0D8A7E72AC3D975009B607A /* Products */,
			);
			sourceTree = "<group>";
		};
		F0D8A7E72AC3D975009B607A /* Products */ = {
			isa = PBXGroup;
			children = (
				F0D8A7E62AC3D975009B607A /* MuniApp.app */,
			);
			name = Products;
			sourceTree = "<group>";
		};
		F0D8A7E82AC3D975009B607A /* MuniApp */ = {
			isa = PBXGroup;
			children = (
				F0D8A7F72AC3DBC5009B607A /* Constants.swift */,
				F0D8A7E92AC3D975009B607A /* MuniAppApp.swift */,
				F0D8A7EB2AC3D975009B607A /* ContentView.swift */,
				F0D8A7FB2AC3E195009B607A /* Models */,
				F0D8A7ED2AC3D977009B607A /* Assets.xcassets */,
				F0D8A7EF2AC3D977009B607A /* Preview Content */,
			);
			path = MuniApp;
			sourceTree = "<group>";
		};
		F0D8A7EF2AC3D977009B607A /* Preview Content */ = {
			isa = PBXGroup;
			children = (
				F0D8A7F02AC3D977009B607A /* Preview Assets.xcassets */,
			);
			path = "Preview Content";
			sourceTree = "<group>";
		};
		F0D8A7FB2AC3E195009B607A /* Models */ = {
			isa = PBXGroup;
			children = (
				F0D8A7F92AC3DC89009B607A /* MuniService.swift */,
				F0D8A7FC2AC3E1A1009B607A /* LineElement.swift */,
			);
			path = Models;
			sourceTree = "<group>";
		};
/* End PBXGroup section */

/* Begin PBXNativeTarget section */
		F0D8A7E52AC3D975009B607A /* MuniApp */ = {
			isa = PBXNativeTarget;
			buildConfigurationList = F0D8A7F42AC3D977009B607A /* Build configuration list for PBXNativeTarget "MuniApp" */;
			buildPhases = (
				F0D8A7E22AC3D975009B607A /* Sources */,
				F0D8A7E32AC3D975009B607A /* Frameworks */,
				F0D8A7E42AC3D975009B607A /* Resources */,
			);
			buildRules = (
			);
			dependencies = (
			);
			name = MuniApp;
			productName = MuniApp;
			productReference = F0D8A7E62AC3D975009B607A /* MuniApp.app */;
			productType = "com.apple.product-type.application";
		};
/* End PBXNativeTarget section */

/* Begin PBXProject section */
		F0D8A7DE2AC3D975009B607A /* Project object */ = {
			isa = PBXProject;
			attributes = {
				BuildIndependentTargetsInParallel = 1;
				LastSwiftUpdateCheck = 1430;
				LastUpgradeCheck = 1430;
				TargetAttributes = {
					F0D8A7E52AC3D975009B607A = {
						CreatedOnToolsVersion = 14.3;
					};
				};
			};
			buildConfigurationList = F0D8A7E12AC3D975009B607A /* Build configuration list for PBXProject "MuniApp" */;
			compatibilityVersion = "Xcode 14.0";
			developmentRegion = en;
			hasScannedForEncodings = 0;
			knownRegions = (
				en,
				Base,
			);
			mainGroup = F0D8A7DD2AC3D975009B607A;
			productRefGroup = F0D8A7E72AC3D975009B607A /* Products */;
			projectDirPath = "";
			projectRoot = "";
			targets = (
				F0D8A7E52AC3D975009B607A /* MuniApp */,
			);
		};
/* End PBXProject section */

/* Begin PBXResourcesBuildPhase section */
		F0D8A7E42AC3D975009B607A /* Resources */ = {
			isa = PBXResourcesBuildPhase;
			buildActionMask = 2147483647;
			files = (
				F0D8A7F12AC3D977009B607A /* Preview Assets.xcassets in Resources */,
				F0D8A7EE2AC3D977009B607A /* Assets.xcassets in Resources */,
			);
			runOnlyForDeploymentPostprocessing = 0;
		};
/* End PBXResourcesBuildPhase section */

/* Begin PBXSourcesBuildPhase section */
		F0D8A7E22AC3D975009B607A /* Sources */ = {
			isa = PBXSourcesBuildPhase;
			buildActionMask = 2147483647;
			files = (
				F0D8A7EC2AC3D975009B607A /* ContentView.swift in Sources */,
				F0D8A7FD2AC3E1A1009B607A /* LineElement.swift in Sources */,
				F0D8A7EA2AC3D975009B607A /* MuniAppApp.swift in Sources */,
				F0D8A7FA2AC3DC89009B607A /* MuniService.swift in Sources */,
				F0D8A7F82AC3DBC5009B607A /* Constants.swift in Sources */,
			);
			runOnlyForDeploymentPostprocessing = 0;
		};
/* End PBXSourcesBuildPhase section */

/* Begin XCBuildConfiguration section */
		F0D8A7F22AC3D977009B607A /* Debug */ = {
			isa = XCBuildConfiguration;
			buildSettings = {
				ALWAYS_SEARCH_USER_PATHS = NO;
				CLANG_ANALYZER_NONNULL = YES;
				CLANG_ANALYZER_NUMBER_OBJECT_CONVERSION = YES_AGGRESSIVE;
				CLANG_CXX_LANGUAGE_STANDARD = "gnu++20";
				CLANG_ENABLE_MODULES = YES;
				CLANG_ENABLE_OBJC_ARC = YES;
				CLANG_ENABLE_OBJC_WEAK = YES;
				CLANG_WARN_BLOCK_CAPTURE_AUTORELEASING = YES;
				CLANG_WARN_BOOL_CONVERSION = YES;
				CLANG_WARN_COMMA = YES;
				CLANG_WARN_CONSTANT_CONVERSION = YES;
				CLANG_WARN_DEPRECATED_OBJC_IMPLEMENTATIONS = YES;
				CLANG_WARN_DIRECT_OBJC_ISA_USAGE = YES_ERROR;
				CLANG_WARN_DOCUMENTATION_COMMENTS = YES;
				CLANG_WARN_EMPTY_BODY = YES;
				CLANG_WARN_ENUM_CONVERSION = YES;
				CLANG_WARN_INFINITE_RECURSION = YES;
				CLANG_WARN_INT_CONVERSION = YES;
				CLANG_WARN_NON_LITERAL_NULL_CONVERSION = YES;
				CLANG_WARN_OBJC_IMPLICIT_RETAIN_SELF = YES;
				CLANG_WARN_OBJC_LITERAL_CONVERSION = YES;
				CLANG_WARN_OBJC_ROOT_CLASS = YES_ERROR;
				CLANG_WARN_QUOTED_INCLUDE_IN_FRAMEWORK_HEADER = YES;
				CLANG_WARN_RANGE_LOOP_ANALYSIS = YES;
				CLANG_WARN_STRICT_PROTOTYPES = YES;
				CLANG_WARN_SUSPICIOUS_MOVE = YES;
				CLANG_WARN_UNGUARDED_AVAILABILITY = YES_AGGRESSIVE;
				CLANG_WARN_UNREACHABLE_CODE = YES;
				CLANG_WARN__DUPLICATE_METHOD_MATCH = YES;
				COPY_PHASE_STRIP = NO;
				DEBUG_INFORMATION_FORMAT = dwarf;
				ENABLE_STRICT_OBJC_MSGSEND = YES;
				ENABLE_TESTABILITY = YES;
				GCC_C_LANGUAGE_STANDARD = gnu11;
				GCC_DYNAMIC_NO_PIC = NO;
				GCC_NO_COMMON_BLOCKS = YES;
				GCC_OPTIMIZATION_LEVEL = 0;
				GCC_PREPROCESSOR_DEFINITIONS = (
					"DEBUG=1",
					"$(inherited)",
				);
				GCC_WARN_64_TO_32_BIT_CONVERSION = YES;
				GCC_WARN_ABOUT_RETURN_TYPE = YES_ERROR;
				GCC_WARN_UNDECLARED_SELECTOR = YES;
				GCC_WARN_UNINITIALIZED_AUTOS = YES_AGGRESSIVE;
				GCC_WARN_UNUSED_FUNCTION = YES;
				GCC_WARN_UNUSED_VARIABLE = YES;
				IPHONEOS_DEPLOYMENT_TARGET = 16.4;
				MTL_ENABLE_DEBUG_INFO = INCLUDE_SOURCE;
				MTL_FAST_MATH = YES;
				ONLY_ACTIVE_ARCH = YES;
				SDKROOT = iphoneos;
				SWIFT_ACTIVE_COMPILATION_CONDITIONS = DEBUG;
				SWIFT_OPTIMIZATION_LEVEL = "-Onone";
			};
			name = Debug;
		};
		F0D8A7F32AC3D977009B607A /* Release */ = {
			isa = XCBuildConfiguration;
			buildSettings = {
				ALWAYS_SEARCH_USER_PATHS = NO;
				CLANG_ANALYZER_NONNULL = YES;
				CLANG_ANALYZER_NUMBER_OBJECT_CONVERSION = YES_AGGRESSIVE;
				CLANG_CXX_LANGUAGE_STANDARD = "gnu++20";
				CLANG_ENABLE_MODULES = YES;
				CLANG_ENABLE_OBJC_ARC = YES;
				CLANG_ENABLE_OBJC_WEAK = YES;
				CLANG_WARN_BLOCK_CAPTURE_AUTORELEASING = YES;
				CLANG_WARN_BOOL_CONVERSION = YES;
				CLANG_WARN_COMMA = YES;
				CLANG_WARN_CONSTANT_CONVERSION = YES;
				CLANG_WARN_DEPRECATED_OBJC_IMPLEMENTATIONS = YES;
				CLANG_WARN_DIRECT_OBJC_ISA_USAGE = YES_ERROR;
				CLANG_WARN_DOCUMENTATION_COMMENTS = YES;
				CLANG_WARN_EMPTY_BODY = YES;
				CLANG_WARN_ENUM_CONVERSION = YES;
				CLANG_WARN_INFINITE_RECURSION = YES;
				CLANG_WARN_INT_CONVERSION = YES;
				CLANG_WARN_NON_LITERAL_NULL_CONVERSION = YES;
				CLANG_WARN_OBJC_IMPLICIT_RETAIN_SELF = YES;
				CLANG_WARN_OBJC_LITERAL_CONVERSION = YES;
				CLANG_WARN_OBJC_ROOT_CLASS = YES_ERROR;
				CLANG_WARN_QUOTED_INCLUDE_IN_FRAMEWORK_HEADER = YES;
				CLANG_WARN_RANGE_LOOP_ANALYSIS = YES;
				CLANG_WARN_STRICT_PROTOTYPES = YES;
				CLANG_WARN_SUSPICIOUS_MOVE = YES;
				CLANG_WARN_UNGUARDED_AVAILABILITY = YES_AGGRESSIVE;
				CLANG_WARN_UNREACHABLE_CODE = YES;
				CLANG_WARN__DUPLICATE_METHOD_MATCH = YES;
				COPY_PHASE_STRIP = NO;
				DEBUG_INFORMATION_FORMAT = "dwarf-with-dsym";
				ENABLE_NS_ASSERTIONS = NO;
				ENABLE_STRICT_OBJC_MSGSEND = YES;
				GCC_C_LANGUAGE_STANDARD = gnu11;
				GCC_NO_COMMON_BLOCKS = YES;
				GCC_WARN_64_TO_32_BIT_CONVERSION = YES;
				GCC_WARN_ABOUT_RETURN_TYPE = YES_ERROR;
				GCC_WARN_UNDECLARED_SELECTOR = YES;
				GCC_WARN_UNINITIALIZED_AUTOS = YES_AGGRESSIVE;
				GCC_WARN_UNUSED_FUNCTION = YES;
				GCC_WARN_UNUSED_VARIABLE = YES;
				IPHONEOS_DEPLOYMENT_TARGET = 16.4;
				MTL_ENABLE_DEBUG_INFO = NO;
				MTL_FAST_MATH = YES;
				SDKROOT = iphoneos;
				SWIFT_COMPILATION_MODE = wholemodule;
				SWIFT_OPTIMIZATION_LEVEL = "-O";
				VALIDATE_PRODUCT = YES;
			};
			name = Release;
		};
		F0D8A7F52AC3D977009B607A /* Debug */ = {
			isa = XCBuildConfiguration;
			buildSettings = {
				ASSETCATALOG_COMPILER_APPICON_NAME = AppIcon;
				ASSETCATALOG_COMPILER_GLOBAL_ACCENT_COLOR_NAME = AccentColor;
				CODE_SIGN_STYLE = Automatic;
				CURRENT_PROJECT_VERSION = 1;
				DEVELOPMENT_ASSET_PATHS = "\"MuniApp/Preview Content\"";
				DEVELOPMENT_TEAM = D7MN23CD5F;
				ENABLE_PREVIEWS = YES;
				GENERATE_INFOPLIST_FILE = YES;
				INFOPLIST_KEY_UIApplicationSceneManifest_Generation = YES;
				INFOPLIST_KEY_UIApplicationSupportsIndirectInputEvents = YES;
				INFOPLIST_KEY_UILaunchScreen_Generation = YES;
				INFOPLIST_KEY_UISupportedInterfaceOrientations_iPad = "UIInterfaceOrientationPortrait UIInterfaceOrientationPortraitUpsideDown UIInterfaceOrientationLandscapeLeft UIInterfaceOrientationLandscapeRight";
				INFOPLIST_KEY_UISupportedInterfaceOrientations_iPhone = "UIInterfaceOrientationPortrait UIInterfaceOrientationLandscapeLeft UIInterfaceOrientationLandscapeRight";
				LD_RUNPATH_SEARCH_PATHS = (
					"$(inherited)",
					"@executable_path/Frameworks",
				);
				MARKETING_VERSION = 1.0;
				PRODUCT_BUNDLE_IDENTIFIER = aancona.sfsu.edu.MuniApp;
				PRODUCT_NAME = "$(TARGET_NAME)";
				SWIFT_EMIT_LOC_STRINGS = YES;
				SWIFT_VERSION = 5.0;
				TARGETED_DEVICE_FAMILY = "1,2";
			};
			name = Debug;
		};
		F0D8A7F62AC3D977009B607A /* Release */ = {
			isa = XCBuildConfiguration;
			buildSettings = {
				ASSETCATALOG_COMPILER_APPICON_NAME = AppIcon;
				ASSETCATALOG_COMPILER_GLOBAL_ACCENT_COLOR_NAME = AccentColor;
				CODE_SIGN_STYLE = Automatic;
				CURRENT_PROJECT_VERSION = 1;
				DEVELOPMENT_ASSET_PATHS = "\"MuniApp/Preview Content\"";
				DEVELOPMENT_TEAM = D7MN23CD5F;
				ENABLE_PREVIEWS = YES;
				GENERATE_INFOPLIST_FILE = YES;
				INFOPLIST_KEY_UIApplicationSceneManifest_Generation = YES;
				INFOPLIST_KEY_UIApplicationSupportsIndirectInputEvents = YES;
				INFOPLIST_KEY_UILaunchScreen_Generation = YES;
				INFOPLIST_KEY_UISupportedInterfaceOrientations_iPad = "UIInterfaceOrientationPortrait UIInterfaceOrientationPortraitUpsideDown UIInterfaceOrientationLandscapeLeft UIInterfaceOrientationLandscapeRight";
				INFOPLIST_KEY_UISupportedInterfaceOrientations_iPhone = "UIInterfaceOrientationPortrait UIInterfaceOrientationLandscapeLeft UIInterfaceOrientationLandscapeRight";
				LD_RUNPATH_SEARCH_PATHS = (
					"$(inherited)",
					"@executable_path/Frameworks",
				);
				MARKETING_VERSION = 1.0;
				PRODUCT_BUNDLE_IDENTIFIER = aancona.sfsu.edu.MuniApp;
				PRODUCT_NAME = "$(TARGET_NAME)";
				SWIFT_EMIT_LOC_STRINGS = YES;
				SWIFT_VERSION = 5.0;
				TARGETED_DEVICE_FAMILY = "1,2";
			};
			name = Release;
		};
/* End XCBuildConfiguration section */

/* Begin XCConfigurationList section */
		F0D8A7E12AC3D975009B607A /* Build configuration list for PBXProject "MuniApp" */ = {
			isa = XCConfigurationList;
			buildConfigurations = (
				F0D8A7F22AC3D977009B607A /* Debug */,
				F0D8A7F32AC3D977009B607A /* Release */,
			);
			defaultConfigurationIsVisible = 0;
			defaultConfigurationName = Release;
		};
		F0D8A7F42AC3D977009B607A /* Build configuration list for PBXNativeTarget "MuniApp" */ = {
			isa = XCConfigurationList;
			buildConfigurations = (
				F0D8A7F52AC3D977009B607A /* Debug */,
				F0D8A7F62AC3D977009B607A /* Release */,
			);
			defaultConfigurationIsVisible = 0;
			defaultConfigurationName = Release;
		};
/* End XCConfigurationList section */
	};
	rootObject = F0D8A7DE2AC3D975009B607A /* Project object */;
}
